
Microsoft Visual Studio Solution File, Format Version 12.00
# Visual Studio Version 17
VisualStudioVersion = 17.0.31919.166
MinimumVisualStudioVersion = 10.0.40219.1
Project("{FAE04EC0-301F-11D3-BF4B-00C04F79EFBC}") = "TheFigureField", "TheFigureField\TheFigureField.csproj", "{EE00FD85-FCCA-4BAF-B49D-95DCB38CAE88}"
EndProject
Global
	GlobalSection(SolutionConfigurationPlatforms) = preSolution
		Debug|Any CPU = Debug|Any CPU
		Release|Any CPU = Release|Any CPU
	EndGlobalSection
	GlobalSection(ProjectConfigurationPlatforms) = postSolution
		{EE00FD85-FCCA-4BAF-B49D-95DCB38CAE88}.Debug|Any CPU.ActiveCfg = Debug|Any CPU
		{EE00FD85-FCCA-4BAF-B49D-95DCB38CAE88}.Debug|Any CPU.Build.0 = Debug|Any CPU
		{EE00FD85-FCCA-4BAF-B49D-95DCB38CAE88}.Release|Any CPU.ActiveCfg = Release|Any CPU
		{EE00FD85-FCCA-4BAF-B49D-95DCB38CAE88}.Release|Any CPU.Build.0 = Release|Any CPU
	EndGlobalSection
	GlobalSection(SolutionProperties) = preSolution
		HideSolutionNode = FALSE
	EndGlobalSection
	GlobalSection(ExtensibilityGlobals) = postSolution
		SolutionGuid = {BFDD340E-6726-4FF5-9661-88622CB8A5ED}
	EndGlobalSection
EndGlobal
